
Microsoft Visual Studio Solution File, Format Version 12.00
# Visual Studio Version 17
VisualStudioVersion = 17.0.31903.59
MinimumVisualStudioVersion = 10.0.40219.1
Project("{FAE04EC0-301F-11D3-BF4B-00C04F79EFBC}") = "BooksStore.Api", "BooksStore.Api\BooksStore.Api.csproj", "{933EFC55-7B14-4AC9-BD00-60597F63C5F6}"
EndProject
Global
	GlobalSection(SolutionConfigurationPlatforms) = preSolution
		Debug|Any CPU = Debug|Any CPU
		Release|Any CPU = Release|Any CPU
	EndGlobalSection
	GlobalSection(SolutionProperties) = preSolution
		HideSolutionNode = FALSE
	EndGlobalSection
	GlobalSection(ProjectConfigurationPlatforms) = postSolution
		{933EFC55-7B14-4AC9-BD00-60597F63C5F6}.Debug|Any CPU.ActiveCfg = Debug|Any CPU
		{933EFC55-7B14-4AC9-BD00-60597F63C5F6}.Debug|Any CPU.Build.0 = Debug|Any CPU
		{933EFC55-7B14-4AC9-BD00-60597F63C5F6}.Release|Any CPU.ActiveCfg = Release|Any CPU
		{933EFC55-7B14-4AC9-BD00-60597F63C5F6}.Release|Any CPU.Build.0 = Release|Any CPU
	EndGlobalSection
EndGlobal
